
Microsoft Visual Studio Solution File, Format Version 12.00
# Visual Studio Version 17
VisualStudioVersion = 17.0.32126.317
MinimumVisualStudioVersion = 10.0.40219.1
Project("{FAE04EC0-301F-11D3-BF4B-00C04F79EFBC}") = "User_Test", "User_Test\User_Test.csproj", "{D09E663C-19DF-4DA5-BF38-1CF04B241BC0}"
EndProject
Global
	GlobalSection(SolutionConfigurationPlatforms) = preSolution
		Debug|Any CPU = Debug|Any CPU
		Release|Any CPU = Release|Any CPU
	EndGlobalSection
	GlobalSection(ProjectConfigurationPlatforms) = postSolution
		{D09E663C-19DF-4DA5-BF38-1CF04B241BC0}.Debug|Any CPU.ActiveCfg = Debug|Any CPU
		{D09E663C-19DF-4DA5-BF38-1CF04B241BC0}.Debug|Any CPU.Build.0 = Debug|Any CPU
		{D09E663C-19DF-4DA5-BF38-1CF04B241BC0}.Release|Any CPU.ActiveCfg = Release|Any CPU
		{D09E663C-19DF-4DA5-BF38-1CF04B241BC0}.Release|Any CPU.Build.0 = Release|Any CPU
	EndGlobalSection
	GlobalSection(SolutionProperties) = preSolution
		HideSolutionNode = FALSE
	EndGlobalSection
	GlobalSection(ExtensibilityGlobals) = postSolution
		SolutionGuid = {24DB5F8B-A6A2-4760-AC57-531D6C327787}
	EndGlobalSection
EndGlobal
